
Microsoft Visual Studio Solution File, Format Version 12.00
# Visual Studio Version 17
VisualStudioVersion = 17.13.35913.81 d17.13
MinimumVisualStudioVersion = 10.0.40219.1
Project("{FAE04EC0-301F-11D3-BF4B-00C04F79EFBC}") = "CuentaDiariApp", "CuentaDiariApp.csproj", "{CCDDD27B-F7F6-4C71-8525-CA491876A331}"
EndProject
Global
	GlobalSection(SolutionConfigurationPlatforms) = preSolution
		Debug|Any CPU = Debug|Any CPU
		Release|Any CPU = Release|Any CPU
	EndGlobalSection
	GlobalSection(ProjectConfigurationPlatforms) = postSolution
		{CCDDD27B-F7F6-4C71-8525-CA491876A331}.Debug|Any CPU.ActiveCfg = Debug|Any CPU
		{CCDDD27B-F7F6-4C71-8525-CA491876A331}.Debug|Any CPU.Build.0 = Debug|Any CPU
		{CCDDD27B-F7F6-4C71-8525-CA491876A331}.Release|Any CPU.ActiveCfg = Release|Any CPU
		{CCDDD27B-F7F6-4C71-8525-CA491876A331}.Release|Any CPU.Build.0 = Release|Any CPU
	EndGlobalSection
	GlobalSection(SolutionProperties) = preSolution
		HideSolutionNode = FALSE
	EndGlobalSection
	GlobalSection(ExtensibilityGlobals) = postSolution
		SolutionGuid = {B925D9DB-36ED-45B8-88AB-1C94E1B41536}
	EndGlobalSection
EndGlobal
